// !$*UTF8*$!
{
	archiveVersion = 1;
	classes = {
	};
	objectVersion = 50;
	objects = {

/* Begin PBXBuildFile section */
		EF24C37C248D8EB3002BB425 /* AmountViewController.swift in Sources */ = {isa = PBXBuildFile; fileRef = EF24C37B248D8EB3002BB425 /* AmountViewController.swift */; };
		EF24C37E248D9418002BB425 /* BaseViewController.swift in Sources */ = {isa = PBXBuildFile; fileRef = EF24C37D248D9418002BB425 /* BaseViewController.swift */; };
		EF24C380248DA1FF002BB425 /* PayMethodViewController.swift in Sources */ = {isa = PBXBuildFile; fileRef = EF24C37F248DA1FF002BB425 /* PayMethodViewController.swift */; };
		EF24C382248DBE1A002BB425 /* CreditCards.swift in Sources */ = {isa = PBXBuildFile; fileRef = EF24C381248DBE1A002BB425 /* CreditCards.swift */; };
		EF24C384248DBE3A002BB425 /* Banks.swift in Sources */ = {isa = PBXBuildFile; fileRef = EF24C383248DBE3A002BB425 /* Banks.swift */; };
		EF24C386248DD57A002BB425 /* LocalizedStrings.swift in Sources */ = {isa = PBXBuildFile; fileRef = EF24C385248DD57A002BB425 /* LocalizedStrings.swift */; };
		EF24C388248DDBEF002BB425 /* BankSelectorViewController.swift in Sources */ = {isa = PBXBuildFile; fileRef = EF24C387248DDBEF002BB425 /* BankSelectorViewController.swift */; };
		EF24C38A248DFA7D002BB425 /* DuesViewController.swift in Sources */ = {isa = PBXBuildFile; fileRef = EF24C389248DFA7D002BB425 /* DuesViewController.swift */; };
		EF24C38C248DFEC0002BB425 /* PayerCosts.swift in Sources */ = {isa = PBXBuildFile; fileRef = EF24C38B248DFEC0002BB425 /* PayerCosts.swift */; };
		EF565DFD248D48DE004D1DC9 /* AppDelegate.swift in Sources */ = {isa = PBXBuildFile; fileRef = EF565DFC248D48DE004D1DC9 /* AppDelegate.swift */; };
		EF565DFF248D48DE004D1DC9 /* SceneDelegate.swift in Sources */ = {isa = PBXBuildFile; fileRef = EF565DFE248D48DE004D1DC9 /* SceneDelegate.swift */; };
		EF565E04248D48DE004D1DC9 /* Main.storyboard in Resources */ = {isa = PBXBuildFile; fileRef = EF565E02248D48DE004D1DC9 /* Main.storyboard */; };
		EF565E06248D48E0004D1DC9 /* Assets.xcassets in Resources */ = {isa = PBXBuildFile; fileRef = EF565E05248D48E0004D1DC9 /* Assets.xcassets */; };
		EF565E09248D48E0004D1DC9 /* LaunchScreen.storyboard in Resources */ = {isa = PBXBuildFile; fileRef = EF565E07248D48E0004D1DC9 /* LaunchScreen.storyboard */; };
		EF565E14248D60FD004D1DC9 /* RestAPIClient.swift in Sources */ = {isa = PBXBuildFile; fileRef = EF565E13248D60FD004D1DC9 /* RestAPIClient.swift */; };
		EF565E1C248D8714004D1DC9 /* StartViewController.swift in Sources */ = {isa = PBXBuildFile; fileRef = EF565E1B248D8714004D1DC9 /* StartViewController.swift */; };
		EFCACE8F24981BEE00655A92 /* CongratsViewController.swift in Sources */ = {isa = PBXBuildFile; fileRef = EFCACE8E24981BEE00655A92 /* CongratsViewController.swift */; };
/* End PBXBuildFile section */

/* Begin PBXFileReference section */
		EF24C37B248D8EB3002BB425 /* AmountViewController.swift */ = {isa = PBXFileReference; lastKnownFileType = sourcecode.swift; path = AmountViewController.swift; sourceTree = "<group>"; };
		EF24C37D248D9418002BB425 /* BaseViewController.swift */ = {isa = PBXFileReference; lastKnownFileType = sourcecode.swift; path = BaseViewController.swift; sourceTree = "<group>"; };
		EF24C37F248DA1FF002BB425 /* PayMethodViewController.swift */ = {isa = PBXFileReference; lastKnownFileType = sourcecode.swift; path = PayMethodViewController.swift; sourceTree = "<group>"; };
		EF24C381248DBE1A002BB425 /* CreditCards.swift */ = {isa = PBXFileReference; lastKnownFileType = sourcecode.swift; path = CreditCards.swift; sourceTree = "<group>"; };
		EF24C383248DBE3A002BB425 /* Banks.swift */ = {isa = PBXFileReference; lastKnownFileType = sourcecode.swift; path = Banks.swift; sourceTree = "<group>"; };
		EF24C385248DD57A002BB425 /* LocalizedStrings.swift */ = {isa = PBXFileReference; lastKnownFileType = sourcecode.swift; path = LocalizedStrings.swift; sourceTree = "<group>"; };
		EF24C387248DDBEF002BB425 /* BankSelectorViewController.swift */ = {isa = PBXFileReference; lastKnownFileType = sourcecode.swift; path = BankSelectorViewController.swift; sourceTree = "<group>"; };
		EF24C389248DFA7D002BB425 /* DuesViewController.swift */ = {isa = PBXFileReference; lastKnownFileType = sourcecode.swift; path = DuesViewController.swift; sourceTree = "<group>"; };
		EF24C38B248DFEC0002BB425 /* PayerCosts.swift */ = {isa = PBXFileReference; lastKnownFileType = sourcecode.swift; path = PayerCosts.swift; sourceTree = "<group>"; };
		EF565DF9248D48DE004D1DC9 /* MLExperience.app */ = {isa = PBXFileReference; explicitFileType = wrapper.application; includeInIndex = 0; path = MLExperience.app; sourceTree = BUILT_PRODUCTS_DIR; };
		EF565DFC248D48DE004D1DC9 /* AppDelegate.swift */ = {isa = PBXFileReference; lastKnownFileType = sourcecode.swift; path = AppDelegate.swift; sourceTree = "<group>"; };
		EF565DFE248D48DE004D1DC9 /* SceneDelegate.swift */ = {isa = PBXFileReference; lastKnownFileType = sourcecode.swift; path = SceneDelegate.swift; sourceTree = "<group>"; };
		EF565E03248D48DE004D1DC9 /* Base */ = {isa = PBXFileReference; lastKnownFileType = file.storyboard; name = Base; path = Base.lproj/Main.storyboard; sourceTree = "<group>"; };
		EF565E05248D48E0004D1DC9 /* Assets.xcassets */ = {isa = PBXFileReference; lastKnownFileType = folder.assetcatalog; path = Assets.xcassets; sourceTree = "<group>"; };
		EF565E08248D48E0004D1DC9 /* Base */ = {isa = PBXFileReference; lastKnownFileType = file.storyboard; name = Base; path = Base.lproj/LaunchScreen.storyboard; sourceTree = "<group>"; };
		EF565E0A248D48E0004D1DC9 /* Info.plist */ = {isa = PBXFileReference; lastKnownFileType = text.plist.xml; path = Info.plist; sourceTree = "<group>"; };
		EF565E13248D60FD004D1DC9 /* RestAPIClient.swift */ = {isa = PBXFileReference; lastKnownFileType = sourcecode.swift; path = RestAPIClient.swift; sourceTree = "<group>"; };
		EF565E1B248D8714004D1DC9 /* StartViewController.swift */ = {isa = PBXFileReference; lastKnownFileType = sourcecode.swift; path = StartViewController.swift; sourceTree = "<group>"; };
		EFCACE8E24981BEE00655A92 /* CongratsViewController.swift */ = {isa = PBXFileReference; lastKnownFileType = sourcecode.swift; path = CongratsViewController.swift; sourceTree = "<group>"; };
/* End PBXFileReference section */

/* Begin PBXFrameworksBuildPhase section */
		EF565DF6248D48DE004D1DC9 /* Frameworks */ = {
			isa = PBXFrameworksBuildPhase;
			buildActionMask = 2147483647;
			files = (
			);
			runOnlyForDeploymentPostprocessing = 0;
		};
/* End PBXFrameworksBuildPhase section */

/* Begin PBXGroup section */
		EF565DF0248D48DE004D1DC9 = {
			isa = PBXGroup;
			children = (
				EF565DFB248D48DE004D1DC9 /* MLExperience */,
				EF565DFA248D48DE004D1DC9 /* Products */,
			);
			sourceTree = "<group>";
		};
		EF565DFA248D48DE004D1DC9 /* Products */ = {
			isa = PBXGroup;
			children = (
				EF565DF9248D48DE004D1DC9 /* MLExperience.app */,
			);
			name = Products;
			sourceTree = "<group>";
		};
		EF565DFB248D48DE004D1DC9 /* MLExperience */ = {
			isa = PBXGroup;
			children = (
				EF565DFC248D48DE004D1DC9 /* AppDelegate.swift */,
				EF565DFE248D48DE004D1DC9 /* SceneDelegate.swift */,
				EF565E12248D60CB004D1DC9 /* Models */,
				EF565E11248D60B7004D1DC9 /* Views */,
				EF565E10248D60A0004D1DC9 /* Controllers */,
				EF565E05248D48E0004D1DC9 /* Assets.xcassets */,
				EF565E07248D48E0004D1DC9 /* LaunchScreen.storyboard */,
				EF565E0A248D48E0004D1DC9 /* Info.plist */,
			);
			path = MLExperience;
			sourceTree = "<group>";
		};
		EF565E10248D60A0004D1DC9 /* Controllers */ = {
			isa = PBXGroup;
			children = (
				EF565E1B248D8714004D1DC9 /* StartViewController.swift */,
				EF24C389248DFA7D002BB425 /* DuesViewController.swift */,
				EF24C387248DDBEF002BB425 /* BankSelectorViewController.swift */,
				EF24C37F248DA1FF002BB425 /* PayMethodViewController.swift */,
				EF24C37D248D9418002BB425 /* BaseViewController.swift */,
				EF24C37B248D8EB3002BB425 /* AmountViewController.swift */,
				EFCACE8E24981BEE00655A92 /* CongratsViewController.swift */,
			);
			path = Controllers;
			sourceTree = "<group>";
		};
		EF565E11248D60B7004D1DC9 /* Views */ = {
			isa = PBXGroup;
			children = (
				EF565E02248D48DE004D1DC9 /* Main.storyboard */,
			);
			path = Views;
			sourceTree = "<group>";
		};
		EF565E12248D60CB004D1DC9 /* Models */ = {
			isa = PBXGroup;
			children = (
				EF565E13248D60FD004D1DC9 /* RestAPIClient.swift */,
				EF24C383248DBE3A002BB425 /* Banks.swift */,
				EF24C38B248DFEC0002BB425 /* PayerCosts.swift */,
				EF24C381248DBE1A002BB425 /* CreditCards.swift */,
				EF24C385248DD57A002BB425 /* LocalizedStrings.swift */,
			);
			path = Models;
			sourceTree = "<group>";
		};
/* End PBXGroup section */

/* Begin PBXNativeTarget section */
		EF565DF8248D48DE004D1DC9 /* MLExperience */ = {
			isa = PBXNativeTarget;
			buildConfigurationList = EF565E0D248D48E0004D1DC9 /* Build configuration list for PBXNativeTarget "MLExperience" */;
			buildPhases = (
				EF565DF5248D48DE004D1DC9 /* Sources */,
				EF565DF6248D48DE004D1DC9 /* Frameworks */,
				EF565DF7248D48DE004D1DC9 /* Resources */,
			);
			buildRules = (
			);
			dependencies = (
			);
			name = MLExperience;
			productName = MLExperience;
			productReference = EF565DF9248D48DE004D1DC9 /* MLExperience.app */;
			productType = "com.apple.product-type.application";
		};
/* End PBXNativeTarget section */

/* Begin PBXProject section */
		EF565DF1248D48DE004D1DC9 /* Project object */ = {
			isa = PBXProject;
			attributes = {
				LastSwiftUpdateCheck = 1110;
				LastUpgradeCheck = 1110;
				ORGANIZATIONNAME = "Ezequiel Rasgido";
				TargetAttributes = {
					EF565DF8248D48DE004D1DC9 = {
						CreatedOnToolsVersion = 11.1;
					};
				};
			};
			buildConfigurationList = EF565DF4248D48DE004D1DC9 /* Build configuration list for PBXProject "MLExperience" */;
			compatibilityVersion = "Xcode 9.3";
			developmentRegion = en;
			hasScannedForEncodings = 0;
			knownRegions = (
				en,
				Base,
			);
			mainGroup = EF565DF0248D48DE004D1DC9;
			productRefGroup = EF565DFA248D48DE004D1DC9 /* Products */;
			projectDirPath = "";
			projectRoot = "";
			targets = (
				EF565DF8248D48DE004D1DC9 /* MLExperience */,
			);
		};
/* End PBXProject section */

/* Begin PBXResourcesBuildPhase section */
		EF565DF7248D48DE004D1DC9 /* Resources */ = {
			isa = PBXResourcesBuildPhase;
			buildActionMask = 2147483647;
			files = (
				EF565E09248D48E0004D1DC9 /* LaunchScreen.storyboard in Resources */,
				EF565E06248D48E0004D1DC9 /* Assets.xcassets in Resources */,
				EF565E04248D48DE004D1DC9 /* Main.storyboard in Resources */,
			);
			runOnlyForDeploymentPostprocessing = 0;
		};
/* End PBXResourcesBuildPhase section */

/* Begin PBXSourcesBuildPhase section */
		EF565DF5248D48DE004D1DC9 /* Sources */ = {
			isa = PBXSourcesBuildPhase;
			buildActionMask = 2147483647;
			files = (
				EF565E14248D60FD004D1DC9 /* RestAPIClient.swift in Sources */,
				EF565DFD248D48DE004D1DC9 /* AppDelegate.swift in Sources */,
				EF24C380248DA1FF002BB425 /* PayMethodViewController.swift in Sources */,
				EF24C37C248D8EB3002BB425 /* AmountViewController.swift in Sources */,
				EF24C386248DD57A002BB425 /* LocalizedStrings.swift in Sources */,
				EF565DFF248D48DE004D1DC9 /* SceneDelegate.swift in Sources */,
				EF24C38C248DFEC0002BB425 /* PayerCosts.swift in Sources */,
				EF24C37E248D9418002BB425 /* BaseViewController.swift in Sources */,
				EF24C38A248DFA7D002BB425 /* DuesViewController.swift in Sources */,
				EF24C384248DBE3A002BB425 /* Banks.swift in Sources */,
				EF24C382248DBE1A002BB425 /* CreditCards.swift in Sources */,
				EF565E1C248D8714004D1DC9 /* StartViewController.swift in Sources */,
				EF24C388248DDBEF002BB425 /* BankSelectorViewController.swift in Sources */,
				EFCACE8F24981BEE00655A92 /* CongratsViewController.swift in Sources */,
			);
			runOnlyForDeploymentPostprocessing = 0;
		};
/* End PBXSourcesBuildPhase section */

/* Begin PBXVariantGroup section */
		EF565E02248D48DE004D1DC9 /* Main.storyboard */ = {
			isa = PBXVariantGroup;
			children = (
				EF565E03248D48DE004D1DC9 /* Base */,
			);
			name = Main.storyboard;
			sourceTree = "<group>";
		};
		EF565E07248D48E0004D1DC9 /* LaunchScreen.storyboard */ = {
			isa = PBXVariantGroup;
			children = (
				EF565E08248D48E0004D1DC9 /* Base */,
			);
			name = LaunchScreen.storyboard;
			sourceTree = "<group>";
		};
/* End PBXVariantGroup section */

/* Begin XCBuildConfiguration section */
		EF565E0B248D48E0004D1DC9 /* Debug */ = {
			isa = XCBuildConfiguration;
			buildSettings = {
				ALWAYS_SEARCH_USER_PATHS = NO;
				CLANG_ANALYZER_NONNULL = YES;
				CLANG_ANALYZER_NUMBER_OBJECT_CONVERSION = YES_AGGRESSIVE;
				CLANG_CXX_LANGUAGE_STANDARD = "gnu++14";
				CLANG_CXX_LIBRARY = "libc++";
				CLANG_ENABLE_MODULES = YES;
				CLANG_ENABLE_OBJC_ARC = YES;
				CLANG_ENABLE_OBJC_WEAK = YES;
				CLANG_WARN_BLOCK_CAPTURE_AUTORELEASING = YES;
				CLANG_WARN_BOOL_CONVERSION = YES;
				CLANG_WARN_COMMA = YES;
				CLANG_WARN_CONSTANT_CONVERSION = YES;
				CLANG_WARN_DEPRECATED_OBJC_IMPLEMENTATIONS = YES;
				CLANG_WARN_DIRECT_OBJC_ISA_USAGE = YES_ERROR;
				CLANG_WARN_DOCUMENTATION_COMMENTS = YES;
				CLANG_WARN_EMPTY_BODY = YES;
				CLANG_WARN_ENUM_CONVERSION = YES;
				CLANG_WARN_INFINITE_RECURSION = YES;
				CLANG_WARN_INT_CONVERSION = YES;
				CLANG_WARN_NON_LITERAL_NULL_CONVERSION = YES;
				CLANG_WARN_OBJC_IMPLICIT_RETAIN_SELF = YES;
				CLANG_WARN_OBJC_LITERAL_CONVERSION = YES;
				CLANG_WARN_OBJC_ROOT_CLASS = YES_ERROR;
				CLANG_WARN_RANGE_LOOP_ANALYSIS = YES;
				CLANG_WARN_STRICT_PROTOTYPES = YES;
				CLANG_WARN_SUSPICIOUS_MOVE = YES;
				CLANG_WARN_UNGUARDED_AVAILABILITY = YES_AGGRESSIVE;
				CLANG_WARN_UNREACHABLE_CODE = YES;
				CLANG_WARN__DUPLICATE_METHOD_MATCH = YES;
				COPY_PHASE_STRIP = NO;
				DEBUG_INFORMATION_FORMAT = dwarf;
				ENABLE_STRICT_OBJC_MSGSEND = YES;
				ENABLE_TESTABILITY = YES;
				GCC_C_LANGUAGE_STANDARD = gnu11;
				GCC_DYNAMIC_NO_PIC = NO;
				GCC_NO_COMMON_BLOCKS = YES;
				GCC_OPTIMIZATION_LEVEL = 0;
				GCC_PREPROCESSOR_DEFINITIONS = (
					"DEBUG=1",
					"$(inherited)",
				);
				GCC_WARN_64_TO_32_BIT_CONVERSION = YES;
				GCC_WARN_ABOUT_RETURN_TYPE = YES_ERROR;
				GCC_WARN_UNDECLARED_SELECTOR = YES;
				GCC_WARN_UNINITIALIZED_AUTOS = YES_AGGRESSIVE;
				GCC_WARN_UNUSED_FUNCTION = YES;
				GCC_WARN_UNUSED_VARIABLE = YES;
				IPHONEOS_DEPLOYMENT_TARGET = 13.1;
				MTL_ENABLE_DEBUG_INFO = INCLUDE_SOURCE;
				MTL_FAST_MATH = YES;
				ONLY_ACTIVE_ARCH = YES;
				SDKROOT = iphoneos;
				SWIFT_ACTIVE_COMPILATION_CONDITIONS = DEBUG;
				SWIFT_OPTIMIZATION_LEVEL = "-Onone";
			};
			name = Debug;
		};
		EF565E0C248D48E0004D1DC9 /* Release */ = {
			isa = XCBuildConfiguration;
			buildSettings = {
				ALWAYS_SEARCH_USER_PATHS = NO;
				CLANG_ANALYZER_NONNULL = YES;
				CLANG_ANALYZER_NUMBER_OBJECT_CONVERSION = YES_AGGRESSIVE;
				CLANG_CXX_LANGUAGE_STANDARD = "gnu++14";
				CLANG_CXX_LIBRARY = "libc++";
				CLANG_ENABLE_MODULES = YES;
				CLANG_ENABLE_OBJC_ARC = YES;
				CLANG_ENABLE_OBJC_WEAK = YES;
				CLANG_WARN_BLOCK_CAPTURE_AUTORELEASING = YES;
				CLANG_WARN_BOOL_CONVERSION = YES;
				CLANG_WARN_COMMA = YES;
				CLANG_WARN_CONSTANT_CONVERSION = YES;
				CLANG_WARN_DEPRECATED_OBJC_IMPLEMENTATIONS = YES;
				CLANG_WARN_DIRECT_OBJC_ISA_USAGE = YES_ERROR;
				CLANG_WARN_DOCUMENTATION_COMMENTS = YES;
				CLANG_WARN_EMPTY_BODY = YES;
				CLANG_WARN_ENUM_CONVERSION = YES;
				CLANG_WARN_INFINITE_RECURSION = YES;
				CLANG_WARN_INT_CONVERSION = YES;
				CLANG_WARN_NON_LITERAL_NULL_CONVERSION = YES;
				CLANG_WARN_OBJC_IMPLICIT_RETAIN_SELF = YES;
				CLANG_WARN_OBJC_LITERAL_CONVERSION = YES;
				CLANG_WARN_OBJC_ROOT_CLASS = YES_ERROR;
				CLANG_WARN_RANGE_LOOP_ANALYSIS = YES;
				CLANG_WARN_STRICT_PROTOTYPES = YES;
				CLANG_WARN_SUSPICIOUS_MOVE = YES;
				CLANG_WARN_UNGUARDED_AVAILABILITY = YES_AGGRESSIVE;
				CLANG_WARN_UNREACHABLE_CODE = YES;
				CLANG_WARN__DUPLICATE_METHOD_MATCH = YES;
				COPY_PHASE_STRIP = NO;
				DEBUG_INFORMATION_FORMAT = "dwarf-with-dsym";
				ENABLE_NS_ASSERTIONS = NO;
				ENABLE_STRICT_OBJC_MSGSEND = YES;
				GCC_C_LANGUAGE_STANDARD = gnu11;
				GCC_NO_COMMON_BLOCKS = YES;
				GCC_WARN_64_TO_32_BIT_CONVERSION = YES;
				GCC_WARN_ABOUT_RETURN_TYPE = YES_ERROR;
				GCC_WARN_UNDECLARED_SELECTOR = YES;
				GCC_WARN_UNINITIALIZED_AUTOS = YES_AGGRESSIVE;
				GCC_WARN_UNUSED_FUNCTION = YES;
				GCC_WARN_UNUSED_VARIABLE = YES;
				IPHONEOS_DEPLOYMENT_TARGET = 13.1;
				MTL_ENABLE_DEBUG_INFO = NO;
				MTL_FAST_MATH = YES;
				SDKROOT = iphoneos;
				SWIFT_COMPILATION_MODE = wholemodule;
				SWIFT_OPTIMIZATION_LEVEL = "-O";
				VALIDATE_PRODUCT = YES;
			};
			name = Release;
		};
		EF565E0E248D48E0004D1DC9 /* Debug */ = {
			isa = XCBuildConfiguration;
			buildSettings = {
				ASSETCATALOG_COMPILER_APPICON_NAME = AppIcon;
				CODE_SIGN_STYLE = Automatic;
				DEVELOPMENT_TEAM = 7J27C6KE2Q;
				INFOPLIST_FILE = MLExperience/Info.plist;
				LD_RUNPATH_SEARCH_PATHS = (
					"$(inherited)",
					"@executable_path/Frameworks",
				);
				PRODUCT_BUNDLE_IDENTIFIER = com.EzequielRasgido.MLExperience;
				PRODUCT_NAME = "$(TARGET_NAME)";
				SWIFT_VERSION = 4.2;
				TARGETED_DEVICE_FAMILY = 1;
			};
			name = Debug;
		};
		EF565E0F248D48E0004D1DC9 /* Release */ = {
			isa = XCBuildConfiguration;
			buildSettings = {
				ASSETCATALOG_COMPILER_APPICON_NAME = AppIcon;
				CODE_SIGN_STYLE = Automatic;
				DEVELOPMENT_TEAM = 7J27C6KE2Q;
				INFOPLIST_FILE = MLExperience/Info.plist;
				LD_RUNPATH_SEARCH_PATHS = (
					"$(inherited)",
					"@executable_path/Frameworks",
				);
				PRODUCT_BUNDLE_IDENTIFIER = com.EzequielRasgido.MLExperience;
				PRODUCT_NAME = "$(TARGET_NAME)";
				SWIFT_VERSION = 4.2;
				TARGETED_DEVICE_FAMILY = 1;
			};
			name = Release;
		};
/* End XCBuildConfiguration section */

/* Begin XCConfigurationList section */
		EF565DF4248D48DE004D1DC9 /* Build configuration list for PBXProject "MLExperience" */ = {
			isa = XCConfigurationList;
			buildConfigurations = (
				EF565E0B248D48E0004D1DC9 /* Debug */,
				EF565E0C248D48E0004D1DC9 /* Release */,
			);
			defaultConfigurationIsVisible = 0;
			defaultConfigurationName = Release;
		};
		EF565E0D248D48E0004D1DC9 /* Build configuration list for PBXNativeTarget "MLExperience" */ = {
			isa = XCConfigurationList;
			buildConfigurations = (
				EF565E0E248D48E0004D1DC9 /* Debug */,
				EF565E0F248D48E0004D1DC9 /* Release */,
			);
			defaultConfigurationIsVisible = 0;
			defaultConfigurationName = Release;
		};
/* End XCConfigurationList section */
	};
	rootObject = EF565DF1248D48DE004D1DC9 /* Project object */;
}
